
Microsoft Visual Studio Solution File, Format Version 12.00
# Visual Studio 15
VisualStudioVersion = 15.0.27130.2024
MinimumVisualStudioVersion = 10.0.40219.1
Project("{FAE04EC0-301F-11D3-BF4B-00C04F79EFBC}") = "day of week", "day of week\day of week.csproj", "{8F201492-A4D8-4479-BA0B-38CF4FC0D068}"
EndProject
Global
	GlobalSection(SolutionConfigurationPlatforms) = preSolution
		Debug|Any CPU = Debug|Any CPU
		Release|Any CPU = Release|Any CPU
	EndGlobalSection
	GlobalSection(ProjectConfigurationPlatforms) = postSolution
		{8F201492-A4D8-4479-BA0B-38CF4FC0D068}.Debug|Any CPU.ActiveCfg = Debug|Any CPU
		{8F201492-A4D8-4479-BA0B-38CF4FC0D068}.Debug|Any CPU.Build.0 = Debug|Any CPU
		{8F201492-A4D8-4479-BA0B-38CF4FC0D068}.Release|Any CPU.ActiveCfg = Release|Any CPU
		{8F201492-A4D8-4479-BA0B-38CF4FC0D068}.Release|Any CPU.Build.0 = Release|Any CPU
	EndGlobalSection
	GlobalSection(SolutionProperties) = preSolution
		HideSolutionNode = FALSE
	EndGlobalSection
	GlobalSection(ExtensibilityGlobals) = postSolution
		SolutionGuid = {454F88EE-FD02-49B9-9A2D-D4E9529F744F}
	EndGlobalSection
EndGlobal
